# This file is automatically @generated by Poetry 1.8.0 and should not be changed by hand.

[[package]]
name = "defusedxml"
version = "0.7.1"
description = "XML bomb protection for Python stdlib modules"
optional = false
python-versions = ">=2.7, !=3.0.*, !=3.1.*, !=3.2.*, !=3.3.*, !=3.4.*"
files = [
    {file = "defusedxml-0.7.1-py2.py3-none-any.whl", hash = "sha256:a352e7e428770286cc899e2542b6cdaedb2b4953ff269a210103ec58f6198a61"},
    {file = "defusedxml-0.7.1.tar.gz", hash = "sha256:1bb3032db185915b62d7c6209c5a8792be6a32ab2fedacc84e01b52c51aa3e69"},
]

[[package]]
name = "et-xmlfile"
version = "2.0.0"
description = "An implementation of lxml.xmlfile for the standard library"
optional = false
python-versions = ">=3.8"
files = [
    {file = "et_xmlfile-2.0.0-py3-none-any.whl", hash = "sha256:7a91720bc756843502c3b7504c77b8fe44217c85c537d85037f0f536151b2caa"},
    {file = "et_xmlfile-2.0.0.tar.gz", hash = "sha256:dab3f4764309081ce75662649be815c4c9081e88f0837825f90fd28317d4da54"},
]

[[package]]
name = "numpy"
version = "2.4.2"
description = "Fundamental package for array computing in Python"
optional = false
python-versions = ">=3.11"
files = [
    {file = "numpy-2.4.2-cp311-cp311-macosx_10_9_x86_64.whl", hash = "sha256:e7e88598032542bd49af7c4747541422884219056c268823ef6e5e89851c8825"},
    {file = "numpy-2.4.2-cp311-cp311-macosx_11_0_arm64.whl", hash = "sha256:7edc794af8b36ca37ef5fcb5e0d128c7e0595c7b96a2318d1badb6fcd8ee86b1"},
    {file = "numpy-2.4.2-cp311-cp311-macosx_14_0_arm64.whl", hash = "sha256:6e9f61981ace1360e42737e2bae58b27bf28a1b27e781721047d84bd754d32e7"},
    {file = "numpy-2.4.2-cp311-cp311-macosx_14_0_x86_64.whl", hash = "sha256:cb7bbb88aa74908950d979eeaa24dbdf1a865e3c7e45ff0121d8f70387b55f73"},
    {file = "numpy-2.4.2-cp311-cp311-manylinux_2_27_aarch64.manylinux_2_28_aarch64.whl", hash = "sha256:4f069069931240b3fc703f1e23df63443dbd6390614c8c44a87d96cd0ec81eb1"},
    {file = "numpy-2.4.2-cp311-cp311-manylinux_2_27_x86_64.manylinux_2_28_x86_64.whl", hash = "sha256:c02ef4401a506fb60b411467ad501e1429a3487abca4664871d9ae0b46c8ba32"},
    {file = "numpy-2.4.2-cp311-cp311-musllinux_1_2_aarch64.whl", hash = "sha256:2653de5c24910e49c2b106499803124dde62a5a1fe0eedeaecf4309a5f639390"},
    {file = "numpy-2.4.2-cp311-cp311-musllinux_1_2_x86_64.whl", hash = "sha256:1ae241bbfc6ae276f94a170b14785e561cb5e7f626b6688cf076af4110887413"},
    {file = "numpy-2.4.2-cp311-cp311-win32.whl", hash = "sha256:df1b10187212b198dd45fa943d8985a3c8cf854aed4923796e0e019e113a1bda"},
    {file = "numpy-2.4.2-cp311-cp311-win_amd64.whl", hash = "sha256:b9c618d56a29c9cb1c4da979e9899be7578d2e0b3c24d52079c166324c9e8695"},
    {file = "numpy-2.4.2-cp311-cp311-win_arm64.whl", hash = "sha256:47c5a6ed21d9452b10227e5e8a0e1c22979811cad7dcc19d8e3e2fb8fa03f1a3"},
    {file = "numpy-2.4.2-cp312-cp312-macosx_10_13_x86_64.whl", hash = "sha256:21982668592194c609de53ba4933a7471880ccbaadcc52352694a59ecc860b3a"},
    {file = "numpy-2.4.2-cp312-cp312-macosx_11_0_arm64.whl", hash = "sha256:40397bda92382fcec844066efb11f13e1c9a3e2a8e8f318fb72ed8b6db9f60f1"},
    {file = "numpy-2.4.2-cp312-cp312-macosx_14_0_arm64.whl", hash = "sha256:b3a24467af63c67829bfaa61eecf18d5432d4f11992688537be59ecd6ad32f5e"},
    {file = "numpy-2.4.2-cp312-cp312-macosx_14_0_x86_64.whl", hash = "sha256:805cc8de9fd6e7a22da5aed858e0ab16be5a4db6c873dde1d7451c541553aa27"},
    {file = "numpy-2.4.2-cp312-cp312-manylinux_2_27_aarch64.manylinux_2_28_aarch64.whl", hash = "sha256:6d82351358ffbcdcd7b686b90742a9b86632d6c1c051016484fa0b326a0a1548"},
    {file = "numpy-2.4.2-cp312-cp312-manylinux_2_27_x86_64.manylinux_2_28_x86_64.whl", hash = "sha256:9e35d3e0144137d9fdae62912e869136164534d64a169f86438bc9561b6ad49f"},
    {file = "numpy-2.4.2-cp312-cp312-musllinux_1_2_aarch64.whl", hash = "sha256:adb6ed2ad29b9e15321d167d152ee909ec73395901b70936f029c3bc6d7f4460"},
    {file = "numpy-2.4.2-cp312-cp312-musllinux_1_2_x86_64.whl", hash = "sha256:8906e71fd8afcb76580404e2a950caef2685df3d2a57fe82a86ac8d33cc007ba"},
    {file = "numpy-2.4.2-cp312-cp312-win32.whl", hash = "sha256:ec055f6dae239a6299cace477b479cca2fc125c5675482daf1dd886933a1076f"},
    {file = "numpy-2.4.2-cp312-cp312-win_amd64.whl", hash = "sha256:209fae046e62d0ce6435fcfe3b1a10537e858249b3d9b05829e2a05218296a85"},
    {file = "numpy-2.4.2-cp312-cp312-win_arm64.whl", hash = "sha256:fbde1b0c6e81d56f5dccd95dd4a711d9b95df1ae4009a60887e56b27e8d903fa"},
    {file = "numpy-2.4.2-cp313-cp313-macosx_10_13_x86_64.whl", hash = "sha256:25f2059807faea4b077a2b6837391b5d830864b3543627f381821c646f31a63c"},
    {file = "numpy-2.4.2-cp313-cp313-macosx_11_0_arm64.whl", hash = "sha256:bd3a7a9f5847d2fb8c2c6d1c862fa109c31a9abeca1a3c2bd5a64572955b2979"},
    {file = "numpy-2.4.2-cp313-cp313-macosx_14_0_arm64.whl", hash = "sha256:8e4549f8a3c6d13d55041925e912bfd834285ef1dd64d6bc7d542583355e2e98"},
    {file = "numpy-2.4.2-cp313-cp313-macosx_14_0_x86_64.whl", hash = "sha256:aea4f66ff44dfddf8c2cffd66ba6538c5ec67d389285292fe428cb2c738c8aef"},
    {file = "numpy-2.4.2-cp313-cp313-manylinux_2_27_aarch64.manylinux_2_28_aarch64.whl", hash = "sha256:c3cd545784805de05aafe1dde61752ea49a359ccba9760c1e5d1c88a93bbf2b7"},
    {file = "numpy-2.4.2-cp313-cp313-manylinux_2_27_x86_64.manylinux_2_28_x86_64.whl", hash = "sha256:d0d9b7c93578baafcbc5f0b83eaf17b79d345c6f36917ba0c67f45226911d499"},
    {file = "numpy-2.4.2-cp313-cp313-musllinux_1_2_aarch64.whl", hash = "sha256:f74f0f7779cc7ae07d1810aab8ac6b1464c3eafb9e283a40da7309d5e6e48fbb"},
    {file = "numpy-2.4.2-cp313-cp313-musllinux_1_2_x86_64.whl", hash = "sha256:c7ac672d699bf36275c035e16b65539931347d68b70667d28984c9fb34e07fa7"},
    {file = "numpy-2.4.2-cp313-cp313-win32.whl", hash = "sha256:8e9afaeb0beff068b4d9cd20d322ba0ee1cecfb0b08db145e4ab4dd44a6b5110"},
    {file = "numpy-2.4.2-cp313-cp313-win_amd64.whl", hash = "sha256:7df2de1e4fba69a51c06c28f5a3de36731eb9639feb8e1cf7e4a7b0daf4cf622"},
    {file = "numpy-2.4.2-cp313-cp313-win_arm64.whl", hash = "sha256:0fece1d1f0a89c16b03442eae5c56dc0be0c7883b5d388e0c03f53019a4bfd71"},
    {file = "numpy-2.4.2-cp313-cp313t-macosx_11_0_arm64.whl", hash = "sha256:5633c0da313330fd20c484c78cdd3f9b175b55e1a766c4a174230c6b70ad8262"},
    {file = "numpy-2.4.2-cp313-cp313t-macosx_14_0_arm64.whl", hash = "sha256:d9f64d786b3b1dd742c946c42d15b07497ed14af1a1f3ce840cce27daa0ce913"},
    {file = "numpy-2.4.2-cp313-cp313t-macosx_14_0_x86_64.whl", hash = "sha256:b21041e8cb6a1eb5312dd1d2f80a94d91efffb7a06b70597d44f1bd2dfc315ab"},
    {file = "numpy-2.4.2-cp313-cp313t-manylinux_2_27_aarch64.manylinux_2_28_aarch64.whl", hash = "sha256:00ab83c56211a1d7c07c25e3217ea6695e50a3e2f255053686b081dc0b091a82"},
    {file = "numpy-2.4.2-cp313-cp313t-manylinux_2_27_x86_64.manylinux_2_28_x86_64.whl", hash = "sha256:2fb882da679409066b4603579619341c6d6898fc83a8995199d5249f986e8e8f"},
    {file = "numpy-2.4.2-cp313-cp313t-musllinux_1_2_aarch64.whl", hash = "sha256:66cb9422236317f9d44b67b4d18f44efe6e9c7f8794ac0462978513359461554"},
    {file = "numpy-2.4.2-cp313-cp313t-musllinux_1_2_x86_64.whl", hash = "sha256:0f01dcf33e73d80bd8dc0f20a71303abbafa26a19e23f6b68d1aa9990af90257"},
    {file = "numpy-2.4.2-cp313-cp313t-win32.whl", hash = "sha256:52b913ec40ff7ae845687b0b34d8d93b60cb66dcee06996dd5c99f2fc9328657"},
    {file = "numpy-2.4.2-cp313-cp313t-win_amd64.whl", hash = "sha256:5eea80d908b2c1f91486eb95b3fb6fab187e569ec9752ab7d9333d2e66bf2d6b"},
    {file = "numpy-2.4.2-cp313-cp313t-win_arm64.whl", hash = "sha256:fd49860271d52127d61197bb50b64f58454e9f578cb4b2c001a6de8b1f50b0b1"},
    {file = "numpy-2.4.2-cp314-cp314-macosx_10_15_x86_64.whl", hash = "sha256:444be170853f1f9d528428eceb55f12918e4fda5d8805480f36a002f1415e09b"},
    {file = "numpy-2.4.2-cp314-cp314-macosx_11_0_arm64.whl", hash = "sha256:d1240d50adff70c2a88217698ca844723068533f3f5c5fa6ee2e3220e3bdb000"},
    {file = "numpy-2.4.2-cp314-cp314-macosx_14_0_arm64.whl", hash = "sha256:7cdde6de52fb6664b00b056341265441192d1291c130e99183ec0d4b110ff8b1"},
    {file = "numpy-2.4.2-cp314-cp314-macosx_14_0_x86_64.whl", hash = "sha256:cda077c2e5b780200b6b3e09d0b42205a3d1c68f30c6dceb90401c13bff8fe74"},
    {file = "numpy-2.4.2-cp314-cp314-manylinux_2_27_aarch64.manylinux_2_28_aarch64.whl", hash = "sha256:d30291931c915b2ab5717c2974bb95ee891a1cf22ebc16a8006bd59cd210d40a"},
    {file = "numpy-2.4.2-cp314-cp314-manylinux_2_27_x86_64.manylinux_2_28_x86_64.whl", hash = "sha256:bba37bc29d4d85761deed3954a1bc62be7cf462b9510b51d367b769a8c8df325"},
    {file = "numpy-2.4.2-cp314-cp314-musllinux_1_2_aarch64.whl", hash = "sha256:b2f0073ed0868db1dcd86e052d37279eef185b9c8db5bf61f30f46adac63c909"},
    {file = "numpy-2.4.2-cp314-cp314-musllinux_1_2_x86_64.whl", hash = "sha256:7f54844851cdb630ceb623dcec4db3240d1ac13d4990532446761baede94996a"},
    {file = "numpy-2.4.2-cp314-cp314-win32.whl", hash = "sha256:12e26134a0331d8dbd9351620f037ec470b7c75929cb8a1537f6bfe411152a1a"},
    {file = "numpy-2.4.2-cp314-cp314-win_amd64.whl", hash = "sha256:068cdb2d0d644cdb45670810894f6a0600797a69c05f1ac478e8d31670b8ee75"},
    {file = "numpy-2.4.2-cp314-cp314-win_arm64.whl", hash = "sha256:6ed0be1ee58eef41231a5c943d7d1375f093142702d5723ca2eb07db9b934b05"},
    {file = "numpy-2.4.2-cp314-cp314t-macosx_11_0_arm64.whl", hash = "sha256:98f16a80e917003a12c0580f97b5f875853ebc33e2eaa4bccfc8201ac6869308"},
    {file = "numpy-2.4.2-cp314-cp314t-macosx_14_0_arm64.whl", hash = "sha256:20abd069b9cda45874498b245c8015b18ace6de8546bf50dfa8cea1696ed06ef"},
    {file = "numpy-2.4.2-cp314-cp314t-macosx_14_0_x86_64.whl", hash = "sha256:e98c97502435b53741540a5717a6749ac2ada901056c7db951d33e11c885cc7d"},
    {file = "numpy-2.4.2-cp314-cp314t-manylinux_2_27_aarch64.manylinux_2_28_aarch64.whl", hash = "sha256:da6cad4e82cb893db4b69105c604d805e0c3ce11501a55b5e9f9083b47d2ffe8"},
    {file = "numpy-2.4.2-cp314-cp314t-manylinux_2_27_x86_64.manylinux_2_28_x86_64.whl", hash = "sha256:9e4424677ce4b47fe73c8b5556d876571f7c6945d264201180db2dc34f676ab5"},
    {file = "numpy-2.4.2-cp314-cp314t-musllinux_1_2_aarch64.whl", hash = "sha256:2b8f157c8a6f20eb657e240f8985cc135598b2b46985c5bccbde7616dc9c6b1e"},
    {file = "numpy-2.4.2-cp314-cp314t-musllinux_1_2_x86_64.whl", hash = "sha256:5daf6f3914a733336dab21a05cdec343144600e964d2fcdabaac0c0269874b2a"},
    {file = "numpy-2.4.2-cp314-cp314t-win32.whl", hash = "sha256:8c50dd1fc8826f5b26a5ee4d77ca55d88a895f4e4819c7ecc2a9f5905047a443"},
    {file = "numpy-2.4.2-cp314-cp314t-win_amd64.whl", hash = "sha256:fcf92bee92742edd401ba41135185866f7026c502617f422eb432cfeca4fe236"},
    {file = "numpy-2.4.2-cp314-cp314t-win_arm64.whl", hash = "sha256:1f92f53998a17265194018d1cc321b2e96e900ca52d54c7c77837b71b9465181"},
    {file = "numpy-2.4.2-pp311-pypy311_pp73-macosx_10_15_x86_64.whl", hash = "sha256:89f7268c009bc492f506abd6f5265defa7cb3f7487dc21d357c3d290add45082"},
    {file = "numpy-2.4.2-pp311-pypy311_pp73-macosx_11_0_arm64.whl", hash = "sha256:e6dee3bb76aa4009d5a912180bf5b2de012532998d094acee25d9cb8dee3e44a"},
    {file = "numpy-2.4.2-pp311-pypy311_pp73-macosx_14_0_arm64.whl", hash = "sha256:cd2bd2bbed13e213d6b55dc1d035a4f91748a7d3edc9480c13898b0353708920"},
    {file = "numpy-2.4.2-pp311-pypy311_pp73-macosx_14_0_x86_64.whl", hash = "sha256:cf28c0c1d4c4bf00f509fa7eb02c58d7caf221b50b467bcb0d9bbf1584d5c821"},
    {file = "numpy-2.4.2-pp311-pypy311_pp73-manylinux_2_27_aarch64.manylinux_2_28_aarch64.whl", hash = "sha256:e04ae107ac591763a47398bb45b568fc38f02dbc4aa44c063f67a131f99346cb"},
    {file = "numpy-2.4.2-pp311-pypy311_pp73-manylinux_2_27_x86_64.manylinux_2_28_x86_64.whl", hash = "sha256:602f65afdef699cda27ec0b9224ae5dc43e328f4c24c689deaf77133dbee74d0"},
    {file = "numpy-2.4.2-pp311-pypy311_pp73-win_amd64.whl", hash = "sha256:be71bf1edb48ebbbf7f6337b5bfd2f895d1902f6335a5830b20141fc126ffba0"},
    {file = "numpy-2.4.2.tar.gz", hash = "sha256:659a6107e31a83c4e33f763942275fd278b21d095094044eb35569e86a21ddae"},
]

[[package]]
name = "odfpy"
version = "1.4.1"
description = "Python API and tools to manipulate OpenDocument files"
optional = false
python-versions = "*"
files = [
    {file = "odfpy-1.4.1.tar.gz", hash = "sha256:db766a6e59c5103212f3cc92ec8dd50a0f3a02790233ed0b52148b70d3c438ec"},
]

[package.dependencies]
defusedxml = "*"

[[package]]
name = "openpyxl"
version = "3.1.5"
description = "A Python library to read/write Excel 2010 xlsx/xlsm files"
optional = false
python-versions = ">=3.8"
files = [
    {file = "openpyxl-3.1.5-py2.py3-none-any.whl", hash = "sha256:5282c12b107bffeef825f4617dc029afaf41d0ea60823bbb665ef3079dc79de2"},
    {file = "openpyxl-3.1.5.tar.gz", hash = "sha256:cf0e3cf56142039133628b5acffe8ef0c12bc902d2aadd3e0fe5878dc08d1050"},
]

[package.dependencies]
et-xmlfile = "*"

[[package]]
name = "pandas"
version = "3.0.1"
description = "Powerful data structures for data analysis, time series, and statistics"
optional = false
python-versions = ">=3.11"
files = [
    {file = "pandas-3.0.1-cp311-cp311-macosx_10_9_x86_64.whl", hash = "sha256:de09668c1bf3b925c07e5762291602f0d789eca1b3a781f99c1c78f6cac0e7ea"},
    {file = "pandas-3.0.1-cp311-cp311-macosx_11_0_arm64.whl", hash = "sha256:24ba315ba3d6e5806063ac6eb717504e499ce30bd8c236d8693a5fd3f084c796"},
    {file = "pandas-3.0.1-cp311-cp311-manylinux_2_24_aarch64.manylinux_2_28_aarch64.whl", hash = "sha256:406ce835c55bac912f2a0dcfaf27c06d73c6b04a5dde45f1fd3169ce31337389"},
    {file = "pandas-3.0.1-cp311-cp311-manylinux_2_24_x86_64.manylinux_2_28_x86_64.whl", hash = "sha256:830994d7e1f31dd7e790045235605ab61cff6c94defc774547e8b7fdfbff3dc7"},
    {file = "pandas-3.0.1-cp311-cp311-musllinux_1_2_aarch64.whl", hash = "sha256:a64ce8b0f2de1d2efd2ae40b0abe7f8ae6b29fbfb3812098ed5a6f8e235ad9bf"},
    {file = "pandas-3.0.1-cp311-cp311-musllinux_1_2_x86_64.whl", hash = "sha256:9832c2c69da24b602c32e0c7b1b508a03949c18ba08d4d9f1c1033426685b447"},
    {file = "pandas-3.0.1-cp311-cp311-win_amd64.whl", hash = "sha256:84f0904a69e7365f79a0c77d3cdfccbfb05bf87847e3a51a41e1426b0edb9c79"},
    {file = "pandas-3.0.1-cp311-cp311-win_arm64.whl", hash = "sha256:4a68773d5a778afb31d12e34f7dd4612ab90de8c6fb1d8ffe5d4a03b955082a1"},
    {file = "pandas-3.0.1-cp312-cp312-macosx_10_13_x86_64.whl", hash = "sha256:476f84f8c20c9f5bc47252b66b4bb25e1a9fc2fa98cead96744d8116cb85771d"},
    {file = "pandas-3.0.1-cp312-cp312-macosx_11_0_arm64.whl", hash = "sha256:0ab749dfba921edf641d4036c4c21c0b3ea70fea478165cb98a998fb2a261955"},
    {file = "pandas-3.0.1-cp312-cp312-manylinux_2_24_aarch64.manylinux_2_28_aarch64.whl", hash = "sha256:b8e36891080b87823aff3640c78649b91b8ff6eea3c0d70aeabd72ea43ab069b"},
    {file = "pandas-3.0.1-cp312-cp312-manylinux_2_24_x86_64.manylinux_2_28_x86_64.whl", hash = "sha256:532527a701281b9dd371e2f582ed9094f4c12dd9ffb82c0c54ee28d8ac9520c4"},
    {file = "pandas-3.0.1-cp312-cp312-musllinux_1_2_aarch64.whl", hash = "sha256:356e5c055ed9b0da1580d465657bc7d00635af4fd47f30afb23025352ba764d1"},
    {file = "pandas-3.0.1-cp312-cp312-musllinux_1_2_x86_64.whl", hash = "sha256:9d810036895f9ad6345b8f2a338dd6998a74e8483847403582cab67745bff821"},
    {file = "pandas-3.0.1-cp312-cp312-win_amd64.whl", hash = "sha256:536232a5fe26dd989bd633e7a0c450705fdc86a207fec7254a55e9a22950fe43"},
    {file = "pandas-3.0.1-cp312-cp312-win_arm64.whl", hash = "sha256:0f463ebfd8de7f326d38037c7363c6dacb857c5881ab8961fb387804d6daf2f7"},
    {file = "pandas-3.0.1-cp313-cp313-macosx_10_13_x86_64.whl", hash = "sha256:5272627187b5d9c20e55d27caf5f2cd23e286aba25cadf73c8590e432e2b7262"},
    {file = "pandas-3.0.1-cp313-cp313-macosx_11_0_arm64.whl", hash = "sha256:661e0f665932af88c7877f31da0dc743fe9c8f2524bdffe23d24fdcb67ef9d56"},
    {file = "pandas-3.0.1-cp313-cp313-manylinux_2_24_aarch64.manylinux_2_28_aarch64.whl", hash = "sha256:75e6e292ff898679e47a2199172593d9f6107fd2dd3617c22c2946e97d5df46e"},
    {file = "pandas-3.0.1-cp313-cp313-manylinux_2_24_x86_64.manylinux_2_28_x86_64.whl", hash = "sha256:1ff8cf1d2896e34343197685f432450ec99a85ba8d90cce2030c5eee2ef98791"},
    {file = "pandas-3.0.1-cp313-cp313-musllinux_1_2_aarch64.whl", hash = "sha256:eca8b4510f6763f3d37359c2105df03a7a221a508f30e396a51d0713d462e68a"},
    {file = "pandas-3.0.1-cp313-cp313-musllinux_1_2_x86_64.whl", hash = "sha256:06aff2ad6f0b94a17822cf8b83bbb563b090ed82ff4fe7712db2ce57cd50d9b8"},
    {file = "pandas-3.0.1-cp313-cp313-win_amd64.whl", hash = "sha256:9fea306c783e28884c29057a1d9baa11a349bbf99538ec1da44c8476563d1b25"},
    {file = "pandas-3.0.1-cp313-cp313-win_arm64.whl", hash = "sha256:a8d37a43c52917427e897cb2e429f67a449327394396a81034a4449b99afda59"},
    {file = "pandas-3.0.1-cp313-cp313t-macosx_10_13_x86_64.whl", hash = "sha256:d54855f04f8246ed7b6fc96b05d4871591143c46c0b6f4af874764ed0d2d6f06"},
    {file = "pandas-3.0.1-cp313-cp313t-macosx_11_0_arm64.whl", hash = "sha256:4e1b677accee34a09e0dc2ce5624e4a58a1870ffe56fc021e9caf7f23cd7668f"},
    {file = "pandas-3.0.1-cp313-cp313t-manylinux_2_24_aarch64.manylinux_2_28_aarch64.whl", hash = "sha256:a9cabbdcd03f1b6cd254d6dda8ae09b0252524be1592594c00b7895916cb1324"},
    {file = "pandas-3.0.1-cp313-cp313t-manylinux_2_24_x86_64.manylinux_2_28_x86_64.whl", hash = "sha256:5ae2ab1f166668b41e770650101e7090824fd34d17915dd9cd479f5c5e0065e9"},
    {file = "pandas-3.0.1-cp313-cp313t-musllinux_1_2_aarch64.whl", hash = "sha256:6bf0603c2e30e2cafac32807b06435f28741135cb8697eae8b28c7d492fc7d76"},
    {file = "pandas-3.0.1-cp313-cp313t-musllinux_1_2_x86_64.whl", hash = "sha256:6c426422973973cae1f4a23e51d4ae85974f44871b24844e4f7de752dd877098"},
    {file = "pandas-3.0.1-cp313-cp313t-win_amd64.whl", hash = "sha256:b03f91ae8c10a85c1613102c7bef5229b5379f343030a3ccefeca8a33414cf35"},
    {file = "pandas-3.0.1-cp314-cp314-macosx_10_15_x86_64.whl", hash = "sha256:99d0f92ed92d3083d140bf6b97774f9f13863924cf3f52a70711f4e7588f9d0a"},
    {file = "pandas-3.0.1-cp314-cp314-macosx_11_0_arm64.whl", hash = "sha256:3b66857e983208654294bb6477b8a63dee26b37bdd0eb34d010556e91261784f"},
    {file = "pandas-3.0.1-cp314-cp314-manylinux_2_24_aarch64.manylinux_2_28_aarch64.whl", hash = "sha256:56cf59638bf24dc9bdf2154c81e248b3289f9a09a6d04e63608c159022352749"},
    {file = "pandas-3.0.1-cp314-cp314-manylinux_2_24_x86_64.manylinux_2_28_x86_64.whl", hash = "sha256:c1a9f55e0f46951874b863d1f3906dcb57df2d9be5c5847ba4dfb55b2c815249"},
    {file = "pandas-3.0.1-cp314-cp314-musllinux_1_2_aarch64.whl", hash = "sha256:1849f0bba9c8a2fb0f691d492b834cc8dadf617e29015c66e989448d58d011ee"},
    {file = "pandas-3.0.1-cp314-cp314-musllinux_1_2_x86_64.whl", hash = "sha256:c3d288439e11b5325b02ae6e9cc83e6805a62c40c5a6220bea9beb899c073b1c"},
    {file = "pandas-3.0.1-cp314-cp314-win_amd64.whl", hash = "sha256:93325b0fe372d192965f4cca88d97667f49557398bbf94abdda3bf1b591dbe66"},
    {file = "pandas-3.0.1-cp314-cp314-win_arm64.whl", hash = "sha256:97ca08674e3287c7148f4858b01136f8bdfe7202ad25ad04fec602dd1d29d132"},
    {file = "pandas-3.0.1-cp314-cp314t-macosx_10_15_x86_64.whl", hash = "sha256:58eeb1b2e0fb322befcf2bbc9ba0af41e616abadb3d3414a6bc7167f6cbfce32"},
    {file = "pandas-3.0.1-cp314-cp314t-macosx_11_0_arm64.whl", hash = "sha256:cd9af1276b5ca9e298bd79a26bda32fa9cc87ed095b2a9a60978d2ca058eaf87"},
    {file = "pandas-3.0.1-cp314-cp314t-manylinux_2_24_aarch64.manylinux_2_28_aarch64.whl", hash = "sha256:94f87a04984d6b63788327cd9f79dda62b7f9043909d2440ceccf709249ca988"},
    {file = "pandas-3.0.1-cp314-cp314t-manylinux_2_24_x86_64.manylinux_2_28_x86_64.whl", hash = "sha256:85fe4c4df62e1e20f9db6ebfb88c844b092c22cd5324bdcf94bfa2fc1b391221"},
    {file = "pandas-3.0.1-cp314-cp314t-musllinux_1_2_aarch64.whl", hash = "sha256:331ca75a2f8672c365ae25c0b29e46f5ac0c6551fdace8eec4cd65e4fac271ff"},
    {file = "pandas-3.0.1-cp314-cp314t-musllinux_1_2_x86_64.whl", hash = "sha256:15860b1fdb1973fffade772fdb931ccf9b2f400a3f5665aef94a00445d7d8dd5"},
    {file = "pandas-3.0.1-cp314-cp314t-win_amd64.whl", hash = "sha256:44f1364411d5670efa692b146c748f4ed013df91ee91e9bec5677fb1fd58b937"},
    {file = "pandas-3.0.1-cp314-cp314t-win_arm64.whl", hash = "sha256:108dd1790337a494aa80e38def654ca3f0968cf4f362c85f44c15e471667102d"},
    {file = "pandas-3.0.1.tar.gz", hash = "sha256:4186a699674af418f655dbd420ed87f50d56b4cd6603784279d9eef6627823c8"},
]

[package.dependencies]
numpy = [
    {version = ">=1.26.0", markers = "python_version < \"3.14\""},
    {version = ">=2.3.3", markers = "python_version >= \"3.14\""},
]
odfpy = {version = ">=1.4.1", optional = true, markers = "extra == \"excel\""}
openpyxl = {version = ">=3.1.5", optional = true, markers = "extra == \"excel\""}
python-calamine = {version = ">=0.3.0", optional = true, markers = "extra == \"excel\""}
python-dateutil = ">=2.8.2"
pyxlsb = {version = ">=1.0.10", optional = true, markers = "extra == \"excel\""}
tzdata = {version = "*", markers = "sys_platform == \"win32\" or sys_platform == \"emscripten\""}
xlrd = {version = ">=2.0.1", optional = true, markers = "extra == \"excel\""}
xlsxwriter = {version = ">=3.2.0", optional = true, markers = "extra == \"excel\""}

[package.extras]
all = ["PyQt5 (>=5.15.9)", "SQLAlchemy (>=2.0.36)", "adbc-driver-postgresql (>=1.2.0)", "adbc-driver-sqlite (>=1.2.0)", "beautifulsoup4 (>=4.12.3)", "bottleneck (>=1.4.2)", "fastparquet (>=2024.11.0)", "fsspec (>=2024.10.0)", "gcsfs (>=2024.10.0)", "html5lib (>=1.1)", "hypothesis (>=6.116.0)", "jinja2 (>=3.1.5)", "lxml (>=5.3.0)", "matplotlib (>=3.9.3)", "numba (>=0.60.0)", "numexpr (>=2.10.2)", "odfpy (>=1.4.1)", "openpyxl (>=3.1.5)", "psycopg2 (>=2.9.10)", "pyarrow (>=13.0.0)", "pyiceberg (>=0.8.1)", "pymysql (>=1.1.1)", "pyreadstat (>=1.2.8)", "pytest (>=8.3.4)", "pytest-xdist (>=3.6.1)", "python-calamine (>=0.3.0)", "pytz (>=2024.2)", "pyxlsb (>=1.0.10)", "qtpy (>=2.4.2)", "s3fs (>=2024.10.0)", "scipy (>=1.14.1)", "tables (>=3.10.1)", "tabulate (>=0.9.0)", "xarray (>=2024.10.0)", "xlrd (>=2.0.1)", "xlsxwriter (>=3.2.0)", "zstandard (>=0.23.0)"]
aws = ["s3fs (>=2024.10.0)"]
clipboard = ["PyQt5 (>=5.15.9)", "qtpy (>=2.4.2)"]
compression = ["zstandard (>=0.23.0)"]
computation = ["scipy (>=1.14.1)", "xarray (>=2024.10.0)"]
excel = ["odfpy (>=1.4.1)", "openpyxl (>=3.1.5)", "python-calamine (>=0.3.0)", "pyxlsb (>=1.0.10)", "xlrd (>=2.0.1)", "xlsxwriter (>=3.2.0)"]
feather = ["pyarrow (>=13.0.0)"]
fss = ["fsspec (>=2024.10.0)"]
gcp = ["gcsfs (>=2024.10.0)"]
hdf5 = ["tables (>=3.10.1)"]
html = ["beautifulsoup4 (>=4.12.3)", "html5lib (>=1.1)", "lxml (>=5.3.0)"]
iceberg = ["pyiceberg (>=0.8.1)"]
mysql = ["SQLAlchemy (>=2.0.36)", "pymysql (>=1.1.1)"]
output-formatting = ["jinja2 (>=3.1.5)", "tabulate (>=0.9.0)"]
parquet = ["pyarrow (>=13.0.0)"]
performance = ["bottleneck (>=1.4.2)", "numba (>=0.60.0)", "numexpr (>=2.10.2)"]
plot = ["matplotlib (>=3.9.3)"]
postgresql = ["SQLAlchemy (>=2.0.36)", "adbc-driver-postgresql (>=1.2.0)", "psycopg2 (>=2.9.10)"]
pyarrow = ["pyarrow (>=13.0.0)"]
spss = ["pyreadstat (>=1.2.8)"]
sql-other = ["SQLAlchemy (>=2.0.36)", "adbc-driver-postgresql (>=1.2.0)", "adbc-driver-sqlite (>=1.2.0)"]
test = ["hypothesis (>=6.116.0)", "pytest (>=8.3.4)", "pytest-xdist (>=3.6.1)"]
timezone = ["pytz (>=2024.2)"]
xml = ["lxml (>=5.3.0)"]

[[package]]
name = "python-calamine"
version = "0.6.2"
description = "Python binding for Rust's library for reading excel and odf file - calamine"
optional = false
python-versions = ">=3.10"
files = [
    {file = "python_calamine-0.6.2-cp310-cp310-macosx_10_12_x86_64.whl", hash = "sha256:4eecdff86896e974ba12c37abb5497c61c1e32b5cb94999c5fb24509bf5aa338"},
    {file = "python_calamine-0.6.2-cp310-cp310-macosx_11_0_arm64.whl", hash = "sha256:14fdeb66e7d00eb06ed66f6a2db53accaa9c5237479843b0c96c15f6cdb89bcf"},
    {file = "python_calamine-0.6.2-cp310-cp310-manylinux_2_17_aarch64.manylinux2014_aarch64.whl", hash = "sha256:c6615ad69c29fa447d4b44c51c21e073c6bf08f4d7c9b85db4b7afdff03ba408"},
    {file = "python_calamine-0.6.2-cp310-cp310-manylinux_2_17_armv7l.manylinux2014_armv7l.whl", hash = "sha256:3110bcc26bc5b61f4f61e82f5cbeab7c4a046d1805af1effff1e277a004ba038"},
    {file = "python_calamine-0.6.2-cp310-cp310-manylinux_2_17_ppc64le.manylinux2014_ppc64le.whl", hash = "sha256:18f7aa4c0358bf2cc17b48c918e360211ff3398ff164433532cc33c7a810a29a"},
    {file = "python_calamine-0.6.2-cp310-cp310-manylinux_2_17_s390x.manylinux2014_s390x.whl", hash = "sha256:8bb6b42c5c99ad2e527ad00014811865332ac8798e5af4f6252d4ecd1862a853"},
    {file = "python_calamine-0.6.2-cp310-cp310-manylinux_2_17_x86_64.manylinux2014_x86_64.whl", hash = "sha256:ba6b14aad3d8455bb7ef5ea0cd1216e20ef94bfdd34f1d96a65cf932c20b45b6"},
    {file = "python_calamine-0.6.2-cp310-cp310-manylinux_2_5_i686.manylinux1_i686.whl", hash = "sha256:49df78181e2a706c066211fb785eeed50608bfb0d6a7c5d953fd0749f841f430"},
    {file = "python_calamine-0.6.2-cp310-cp310-musllinux_1_1_aarch64.whl", hash = "sha256:2d46b08efe555f7cf3b6821e7799dbaa0cb9f1e7664cd1ba45843000ba8f4857"},
    {file = "python_calamine-0.6.2-cp310-cp310-musllinux_1_1_armv7l.whl", hash = "sha256:15a6494c04f72bb1e49d25d268f8b1c383d699f14d093f8fbfa262ab7aaaef63"},
    {file = "python_calamine-0.6.2-cp310-cp310-musllinux_1_1_x86_64.whl", hash = "sha256:0d39413ad470bd04054fa25dc1bb8c24d08a4e6641e7cb96fb26c7e30c8b190d"},
    {file = "python_calamine-0.6.2-cp310-cp310-win32.whl", hash = "sha256:70f275d2e63004a37ca68f4c210022b1ac3d51d131af037e690a9e2870f2b331"},
    {file = "python_calamine-0.6.2-cp310-cp310-win_amd64.whl", hash = "sha256:8bf00a752dd0f14ee7483fccb5894cbb465146f16ab7abffe5f495922fab295b"},
    {file = "python_calamine-0.6.2-cp311-cp311-macosx_10_12_x86_64.whl", hash = "sha256:626a9b342d3df5596e8a4c7410ad65d05447e77f915ef14cb0a9dd90f2d42608"},
    {file = "python_calamine-0.6.2-cp311-cp311-macosx_11_0_arm64.whl", hash = "sha256:65f427b50e659b3752b6a088bd703f1c4161e491b6745d849fe8cc997adbe296"},
    {file = "python_calamine-0.6.2-cp311-cp311-manylinux_2_17_aarch64.manylinux2014_aarch64.whl", hash = "sha256:316e41a9bc1fc0ee6c3e01f1e252112fae7cc3eba698870f11e0ef5d63d37b7c"},
    {file = "python_calamine-0.6.2-cp311-cp311-manylinux_2_17_armv7l.manylinux2014_armv7l.whl", hash = "sha256:a9c0fa9138f2c3e9aff604744c78e8558c88f5e57ad5da23a3b6472d01b13696"},
    {file = "python_calamine-0.6.2-cp311-cp311-manylinux_2_17_ppc64le.manylinux2014_ppc64le.whl", hash = "sha256:fc42307129e59e48993ca974cf0d5402464690a15c87e5e5e879eb4a4d8ea362"},
    {file = "python_calamine-0.6.2-cp311-cp311-manylinux_2_17_s390x.manylinux2014_s390x.whl", hash = "sha256:aff0652a0d87d68de25c628338fb5c06e07f9d28d7120c5987e094282acf6d7a"},
    {file = "python_calamine-0.6.2-cp311-cp311-manylinux_2_17_x86_64.manylinux2014_x86_64.whl", hash = "sha256:7a170adfa3abb4724884617d12664c8518cd9eccb03522838553a06e353ed698"},
    {file = "python_calamine-0.6.2-cp311-cp311-manylinux_2_5_i686.manylinux1_i686.whl", hash = "sha256:ee3f210e84eca9d8337cf0ea2f02757b2e0d123a07ecb43186dc5fd63c5c9d0b"},
    {file = "python_calamine-0.6.2-cp311-cp311-musllinux_1_1_aarch64.whl", hash = "sha256:20e0c2f28688786ea713f48dcc54a6877432da4ed277ae886a10a5ed802fcad6"},
    {file = "python_calamine-0.6.2-cp311-cp311-musllinux_1_1_armv7l.whl", hash = "sha256:c743582bef238ea98176e47dffd9027d096df2bff5c4ad8bfad03920921aa021"},
    {file = "python_calamine-0.6.2-cp311-cp311-musllinux_1_1_x86_64.whl", hash = "sha256:8ddd518c62cb14e4ec5c81f8f389fd021d9a2ed6a5ab9348fbafb810c57f7717"},
    {file = "python_calamine-0.6.2-cp311-cp311-win32.whl", hash = "sha256:14f4fdb50ac7bcfe59b415bae865cdc958edff6a9adf85735dab4f7fa9f153f3"},
    {file = "python_calamine-0.6.2-cp311-cp311-win_amd64.whl", hash = "sha256:ec90a5d8358c0139bbcbf7f3a61d44baf41846a54367d4b34d5329102c4d4f59"},
    {file = "python_calamine-0.6.2-cp311-cp311-win_arm64.whl", hash = "sha256:a6112601f889e951333ff79ab0b6aa814a18df247d861db58d4272ad7be263d5"},
    {file = "python_calamine-0.6.2-cp312-cp312-macosx_10_12_x86_64.whl", hash = "sha256:857e4cddadba9b55c76dc583c58c5dc101a6cd5320190c10f8b2ab98d66c9040"},
    {file = "python_calamine-0.6.2-cp312-cp312-macosx_11_0_arm64.whl", hash = "sha256:cd89d6a53e4b22328cd685fc054c31d359cb3ae67bd24bc57e1c1db62a4cfc97"},
    {file = "python_calamine-0.6.2-cp312-cp312-manylinux_2_17_aarch64.manylinux2014_aarch64.whl", hash = "sha256:4d6c9af39db39e0c70710ae79cd1b5d980f9c0aea55fc16d194460c1561a0c6a"},
    {file = "python_calamine-0.6.2-cp312-cp312-manylinux_2_17_armv7l.manylinux2014_armv7l.whl", hash = "sha256:9a2382dbc410dd48c99d89ee460662cc70892fe1b2901ab982604b923e8eb8f6"},
    {file = "python_calamine-0.6.2-cp312-cp312-manylinux_2_17_ppc64le.manylinux2014_ppc64le.whl", hash = "sha256:3ebb93255709874ede5b5e62828cb5758e60097e5390b6c9a3eb7751b617b12e"},
    {file = "python_calamine-0.6.2-cp312-cp312-manylinux_2_17_s390x.manylinux2014_s390x.whl", hash = "sha256:837bca19bd945cb83aded433f4cf76e80d70a5400404d876400ca7e88e5ea311"},
    {file = "python_calamine-0.6.2-cp312-cp312-manylinux_2_17_x86_64.manylinux2014_x86_64.whl", hash = "sha256:723990a47668cb819f307ccc634741370d3cd3804a0ee8cda392a522ae6d5016"},
    {file = "python_calamine-0.6.2-cp312-cp312-manylinux_2_5_i686.manylinux1_i686.whl", hash = "sha256:b067630d693e1d7de41e3d44a99c7dd3feebb52db8dda8636ac3f70d8b6a4ad6"},
    {file = "python_calamine-0.6.2-cp312-cp312-musllinux_1_1_aarch64.whl", hash = "sha256:6ab09c9da53a2b33633e9f940aed11c08e083810a0fd6885826cdc52ba4f86a5"},
    {file = "python_calamine-0.6.2-cp312-cp312-musllinux_1_1_armv7l.whl", hash = "sha256:ae08e1308a0d0c6b8b4cc0a039ed8a85fc9ee2f8a3ca9ea57b1af9f97ed68fe4"},
    {file = "python_calamine-0.6.2-cp312-cp312-musllinux_1_1_x86_64.whl", hash = "sha256:c441a20c7aff0e904ca01b5cdc1e5be2c6d4a41a24a0ea4d5ea6d211343bb95f"},
    {file = "python_calamine-0.6.2-cp312-cp312-win32.whl", hash = "sha256:39cae8e66f8bce499f5f965f4575ddf61e30184cc97f02e1c7031a57abe0903b"},
    {file = "python_calamine-0.6.2-cp312-cp312-win_amd64.whl", hash = "sha256:1617efa24532f2420934a8cf77e6d33ff1740cae1d39355cab4f4cf141fdab49"},
    {file = "python_calamine-0.6.2-cp312-cp312-win_arm64.whl", hash = "sha256:c2b378db494740e540e8157a7e5fe61dadae69ad2d988a7c80f9583f434acf07"},
    {file = "python_calamine-0.6.2-cp313-cp313-macosx_10_12_x86_64.whl", hash = "sha256:4c6e68c233841604fa3f63899d13bd2e47cddf0787c4b4b8188f74c3be452045"},
    {file = "python_calamine-0.6.2-cp313-cp313-macosx_11_0_arm64.whl", hash = "sha256:0fd5bcbd904d05f8b9f127a93706fdbb0a5934efdc9677b402a82d91e6e3f920"},
    {file = "python_calamine-0.6.2-cp313-cp313-manylinux_2_17_aarch64.manylinux2014_aarch64.whl", hash = "sha256:cef6454aa1b3b2137d7a202c9f84b87dffdd187ff218f2cee459480c102c20a3"},
    {file = "python_calamine-0.6.2-cp313-cp313-manylinux_2_17_armv7l.manylinux2014_armv7l.whl", hash = "sha256:19c55c35edaf89b4d18d5d3cfaac619362f2e8339e4c876f9f0c80640d990db3"},
    {file = "python_calamine-0.6.2-cp313-cp313-manylinux_2_17_ppc64le.manylinux2014_ppc64le.whl", hash = "sha256:d29984496a22286f511668ea6483293c0e58ac0f25916e1d88125e5e1d83313b"},
    {file = "python_calamine-0.6.2-cp313-cp313-manylinux_2_17_s390x.manylinux2014_s390x.whl", hash = "sha256:3b0c4deabc2646c6c07abb3620088c5d6d2af26f8954726938ebcdbc6c56a8bd"},
    {file = "python_calamine-0.6.2-cp313-cp313-manylinux_2_17_x86_64.manylinux2014_x86_64.whl", hash = "sha256:fc536feb86c948b330c4db8a9f1d9f9094f8d70a981d04de87ece9d9b9300458"},
    {file = "python_calamine-0.6.2-cp313-cp313-manylinux_2_5_i686.manylinux1_i686.whl", hash = "sha256:7c0f9e769c735cfb0564aefb4273c6dfeee9fbab1db69b9099cb19cfb8208ddf"},
    {file = "python_calamine-0.6.2-cp313-cp313-musllinux_1_1_aarch64.whl", hash = "sha256:e3824c211eb9505461a9820ed893cf6e39a3af8024fd1892d2cc174ce8329955"},
    {file = "python_calamine-0.6.2-cp313-cp313-musllinux_1_1_armv7l.whl", hash = "sha256:8323edededa282cace538805cfa7cab30ad9dd19bca4a23215ea975c73ce9f26"},
    {file = "python_calamine-0.6.2-cp313-cp313-musllinux_1_1_x86_64.whl", hash = "sha256:f64b93e41dd878a317f958fbf9bfa64342ef9aea58956a93a52d4b9d646a6ef4"},
    {file = "python_calamine-0.6.2-cp313-cp313-win32.whl", hash = "sha256:91fbfa837aaa6f7fc72e9277678aa0c95b0c3c7df76c7c7bac4ab4a128834a70"},
    {file = "python_calamine-0.6.2-cp313-cp313-win_amd64.whl", hash = "sha256:0b2464e036819ecce50181220e120d674b1caac806a31e48eed2e2183acf9a69"},
    {file = "python_calamine-0.6.2-cp313-cp313-win_arm64.whl", hash = "sha256:64b1ce2bd452a9d2ae00a97e2629e3444b9669ce348e1f534f3a91f55694de15"},
    {file = "python_calamine-0.6.2-cp313-cp313t-macosx_10_12_x86_64.whl", hash = "sha256:050f0b830fcdf209826e98849432fb6ee1328895949bf7c63632fd34130cef8d"},
    {file = "python_calamine-0.6.2-cp313-cp313t-macosx_11_0_arm64.whl", hash = "sha256:f3636e14736cd2ab2377418aeb2ef8c17d1ce7e19bbbe52e445027cf43a2a745"},
    {file = "python_calamine-0.6.2-cp313-cp313t-manylinux_2_17_aarch64.manylinux2014_aarch64.whl", hash = "sha256:f86a51485f93264679eb449dc93dc498553f449322c81936eac47ace45365e89"},
    {file = "python_calamine-0.6.2-cp313-cp313t-manylinux_2_17_armv7l.manylinux2014_armv7l.whl", hash = "sha256:b44fbdd11ac44dc5eecf49c1597e7234633cbc9f38c73521ce00278cf0bd8976"},
    {file = "python_calamine-0.6.2-cp313-cp313t-manylinux_2_17_ppc64le.manylinux2014_ppc64le.whl", hash = "sha256:a0d5fd48c92ae04bf8ef1f326d7ec23295545d171f4b810dc8fa08f28932900f"},
    {file = "python_calamine-0.6.2-cp313-cp313t-manylinux_2_17_s390x.manylinux2014_s390x.whl", hash = "sha256:19363504d08c5c2c7aca188a5c4ded89a47cbba1cbc9a083cd230839f977c5a8"},
    {file = "python_calamine-0.6.2-cp313-cp313t-manylinux_2_17_x86_64.manylinux2014_x86_64.whl", hash = "sha256:72078b550a871249c07b71fe5b94fbd30857604ff99380304d273d84a8bcd7c8"},
    {file = "python_calamine-0.6.2-cp313-cp313t-manylinux_2_5_i686.manylinux1_i686.whl", hash = "sha256:e18e524ef1532f8269739b63ca9c6ab7dbd75e9dff20ca7e2e2d8d13c59964b2"},
    {file = "python_calamine-0.6.2-cp313-cp313t-musllinux_1_1_aarch64.whl", hash = "sha256:b665c55d5d03b5cc205e4b68c711712cff8aac273f2aa930ab8ab5960b9dc90f"},
    {file = "python_calamine-0.6.2-cp313-cp313t-musllinux_1_1_armv7l.whl", hash = "sha256:dc21843a6fca8ae5a722e66bde14324da4f43be98b772b0689ac75dd89d888fd"},
    {file = "python_calamine-0.6.2-cp313-cp313t-musllinux_1_1_x86_64.whl", hash = "sha256:e16192fbbb3a3009c89aa62530d807bca272e68a67b362da5c9d156a8950cd51"},
    {file = "python_calamine-0.6.2-cp313-cp313t-win_amd64.whl", hash = "sha256:a94a560c0b7ec791f6edfb3fede6ade35b048a61be80e584de8411bf930a8902"},
    {file = "python_calamine-0.6.2-cp313-cp313t-win_arm64.whl", hash = "sha256:2574072b9e26aeae26ebd051a1661bb72fd202ce2904f920f9c605de9555c057"},
    {file = "python_calamine-0.6.2-cp314-cp314-macosx_10_12_x86_64.whl", hash = "sha256:630d32f10b16bafbca86fb9373e7a4eccbd0268bc9e80dac923b731a8e472704"},
    {file = "python_calamine-0.6.2-cp314-cp314-macosx_11_0_arm64.whl", hash = "sha256:39de4d8c1f9db34d02a2d9b7eaad55cdd013b5881cf0a5ab281e2167d090b22e"},
    {file = "python_calamine-0.6.2-cp314-cp314-manylinux_2_17_aarch64.manylinux2014_aarch64.whl", hash = "sha256:36148e9c5022494fd6a2c111fb51d24e6e39cbf3027a3ddedad44545598609ca"},
    {file = "python_calamine-0.6.2-cp314-cp314-manylinux_2_17_armv7l.manylinux2014_armv7l.whl", hash = "sha256:2526bddc75829b4376a515cad83afeab4019bbe5b770a892852de66b0017527b"},
    {file = "python_calamine-0.6.2-cp314-cp314-manylinux_2_17_ppc64le.manylinux2014_ppc64le.whl", hash = "sha256:711a664b8cf1e4f6c55fbd5e15e70fc5792e382e3866416044c23b0d3ffdd055"},
    {file = "python_calamine-0.6.2-cp314-cp314-manylinux_2_17_s390x.manylinux2014_s390x.whl", hash = "sha256:8d449b6130f1469810ebe9f423f9efecaabc60e110db7a5a56d0f098ea78b22f"},
    {file = "python_calamine-0.6.2-cp314-cp314-manylinux_2_17_x86_64.manylinux2014_x86_64.whl", hash = "sha256:8f3841986cf512893e8871555ef586387e5e36484cebd0d9398046c3bde1e13c"},
    {file = "python_calamine-0.6.2-cp314-cp314-manylinux_2_5_i686.manylinux1_i686.whl", hash = "sha256:7a8f437273c8dee9d9ae89cc766b6c313a1a99155b74a1a6560a01b82db89b51"},
    {file = "python_calamine-0.6.2-cp314-cp314-musllinux_1_1_aarch64.whl", hash = "sha256:6a2dfcfbf1907f37e6a13e2dffff409f79cff911e44e1ce7deb65510b8bbb0de"},
    {file = "python_calamine-0.6.2-cp314-cp314-musllinux_1_1_armv7l.whl", hash = "sha256:0c4a6131835f28897cdf36942067220e2c8c6c23f4b7747a094dca6748190c12"},
    {file = "python_calamine-0.6.2-cp314-cp314-musllinux_1_1_x86_64.whl", hash = "sha256:e8f50885c5042fb3bdd9ad820e4b871e6a1758e15957964acf0515b5d0fb3984"},
    {file = "python_calamine-0.6.2-cp314-cp314-win32.whl", hash = "sha256:d4b6fe3564596b1a85fdb7dea60ae7dda2bd56898e88128e0306ebfca29d3659"},
    {file = "python_calamine-0.6.2-cp314-cp314-win_amd64.whl", hash = "sha256:39a6703c80e71c9df2eefa4b9aedd994c27d6ae1fda07a48ee3306414d76d39b"},
    {file = "python_calamine-0.6.2-cp314-cp314-win_arm64.whl", hash = "sha256:cedae91678a016690775a815c7dc66288b3f0968451bf2161689846b5b330b84"},
    {file = "python_calamine-0.6.2-cp314-cp314t-macosx_10_12_x86_64.whl", hash = "sha256:5c3ca40133330cccdafb7326c39f7dd60247ad1995d9b92fdcd5052853fc31e5"},
    {file = "python_calamine-0.6.2-cp314-cp314t-macosx_11_0_arm64.whl", hash = "sha256:5599d12fa06ad42694255fecb1de48f6eb2d074fa55b2f532a93158ae1cc3958"},
    {file = "python_calamine-0.6.2-cp314-cp314t-manylinux_2_17_aarch64.manylinux2014_aarch64.whl", hash = "sha256:fb50c1f6303650d5712a707c8c13842eeebcd433bd660dcdaebc8aedd9085d37"},
    {file = "python_calamine-0.6.2-cp314-cp314t-manylinux_2_17_armv7l.manylinux2014_armv7l.whl", hash = "sha256:42f1b3172fc2c916990a9749c30f5c2aad5351a807c6597febf7b5b9444eaf4d"},
    {file = "python_calamine-0.6.2-cp314-cp314t-manylinux_2_17_ppc64le.manylinux2014_ppc64le.whl", hash = "sha256:5f3bb6370d855c9035e8727e6d8685775d411e5f5a3b114e0048bacd2efc2dc5"},
    {file = "python_calamine-0.6.2-cp314-cp314t-manylinux_2_17_s390x.manylinux2014_s390x.whl", hash = "sha256:8d790fa2065c3c5d07de27ead53486b6afa64b935036444e5593c670baaf7394"},
    {file = "python_calamine-0.6.2-cp314-cp314t-manylinux_2_17_x86_64.manylinux2014_x86_64.whl", hash = "sha256:ba4ac4bc59fb16e76d57bbbb2b5567e9d78f99e0b7d6cf27b1fc968dddad9e52"},
    {file = "python_calamine-0.6.2-cp314-cp314t-manylinux_2_5_i686.manylinux1_i686.whl", hash = "sha256:16750f933fd68d6796c24390d5379abe02cc592b8cb5c2c715d09885a4e4db78"},
    {file = "python_calamine-0.6.2-cp314-cp314t-musllinux_1_1_aarch64.whl", hash = "sha256:0c3a65ee5e1bbed8d32225882b6fae147c187a5019b895bd1a9631fb1e8ebd1b"},
    {file = "python_calamine-0.6.2-cp314-cp314t-musllinux_1_1_armv7l.whl", hash = "sha256:80f54662715b25078e90794d792df6ef45154f1affea472c9e802c5d3dda5a9e"},
    {file = "python_calamine-0.6.2-cp314-cp314t-musllinux_1_1_x86_64.whl", hash = "sha256:7568800d967b7b7b56d1a139d8d6c343b70d88695c8f3c3906aaa1b8bff76900"},
    {file = "python_calamine-0.6.2-cp314-cp314t-win_amd64.whl", hash = "sha256:aab8ef96f19feb5df3704dc04805b1e0d6e82827546bea92d660344c674ed9e1"},
    {file = "python_calamine-0.6.2-cp314-cp314t-win_arm64.whl", hash = "sha256:514b3b0ccba57cf807bd4869a76020eb53e2d797f35c95fceb274a5208da1651"},
    {file = "python_calamine-0.6.2-pp311-pypy311_pp73-macosx_10_12_x86_64.whl", hash = "sha256:0c6dc23fe9a00df4909db603966e020116742fbc2a998a121f2a9bf092ab9529"},
    {file = "python_calamine-0.6.2-pp311-pypy311_pp73-macosx_11_0_arm64.whl", hash = "sha256:4f434d5db2a015ef1368fd633375844a6897a9b19df2cbdd6337ef3af2326a8e"},
    {file = "python_calamine-0.6.2-pp311-pypy311_pp73-manylinux_2_17_aarch64.manylinux2014_aarch64.whl", hash = "sha256:fc2f65c8edacf36f76d108d760413abccf2ace7478d9c2eafa795a0e01a89c44"},
    {file = "python_calamine-0.6.2-pp311-pypy311_pp73-manylinux_2_17_x86_64.manylinux2014_x86_64.whl", hash = "sha256:c56d68cf4cc13e2865c66508b1ffde75de610c539603354240d366d3764968fc"},
    {file = "python_calamine-0.6.2-pp311-pypy311_pp73-manylinux_2_5_i686.manylinux1_i686.whl", hash = "sha256:8e5f3e959793f697101a96857e3e3e2e84b27847eb3b80370675483eeea5b07f"},
    {file = "python_calamine-0.6.2-pp311-pypy311_pp73-musllinux_1_1_aarch64.whl", hash = "sha256:bb705b9acf993002bce5d2cab182cd04e539ae712be51f31a33a64528792869d"},
    {file = "python_calamine-0.6.2-pp311-pypy311_pp73-musllinux_1_1_armv7l.whl", hash = "sha256:03faea1948e6cf82382819cb3f330616e0ec4b622e98102fd9a0522d260b1161"},
    {file = "python_calamine-0.6.2-pp311-pypy311_pp73-musllinux_1_1_x86_64.whl", hash = "sha256:b149def7d77c8bc9e2d7b2a6c75215367426a0be430906fd6ea9803ae1c63e14"},
    {file = "python_calamine-0.6.2.tar.gz", hash = "sha256:2c90e5224c5e92db9fcd8f22b6085ce63b935cfe7a893ac9a1c3c56793bafd9d"},
]

[[package]]
name = "python-dateutil"
version = "2.9.0.post0"
description = "Extensions to the standard Python datetime module"
optional = false
python-versions = "!=3.0.*,!=3.1.*,!=3.2.*,>=2.7"
files = [
    {file = "python-dateutil-2.9.0.post0.tar.gz", hash = "sha256:37dd54208da7e1cd875388217d5e00ebd4179249f90fb72437e91a35459a0ad3"},
    {file = "python_dateutil-2.9.0.post0-py2.py3-none-any.whl", hash = "sha256:a8b2bc7bffae282281c8140a97d3aa9c14da0b136dfe83f850eea9a5f7470427"},
]

[package.dependencies]
six = ">=1.5"

[[package]]
name = "pyxlsb"
version = "1.0.10"
description = "Excel 2007-2010 Binary Workbook (xlsb) parser"
optional = false
python-versions = "*"
files = [
    {file = "pyxlsb-1.0.10-py2.py3-none-any.whl", hash = "sha256:87c122a9a622e35ca5e741d2e541201d28af00fb46bec492cfa9586890b120b4"},
    {file = "pyxlsb-1.0.10.tar.gz", hash = "sha256:8062d1ea8626d3f1980e8b1cfe91a4483747449242ecb61013bc2df85435f685"},
]

[[package]]
name = "six"
version = "1.17.0"
description = "Python 2 and 3 compatibility utilities"
optional = false
python-versions = "!=3.0.*,!=3.1.*,!=3.2.*,>=2.7"
files = [
    {file = "six-1.17.0-py2.py3-none-any.whl", hash = "sha256:4721f391ed90541fddacab5acf947aa0d3dc7d27b2e1e8eda2be8970586c3274"},
    {file = "six-1.17.0.tar.gz", hash = "sha256:ff70335d468e7eb6ec65b95b99d3a2836546063f63acc5171de367e834932a81"},
]

[[package]]
name = "tzdata"
version = "2025.3"
description = "Provider of IANA time zone data"
optional = false
python-versions = ">=2"
files = [
    {file = "tzdata-2025.3-py2.py3-none-any.whl", hash = "sha256:06a47e5700f3081aab02b2e513160914ff0694bce9947d6b76ebd6bf57cfc5d1"},
    {file = "tzdata-2025.3.tar.gz", hash = "sha256:de39c2ca5dc7b0344f2eba86f49d614019d29f060fc4ebc8a417896a620b56a7"},
]

[[package]]
name = "xlrd"
version = "2.0.2"
description = "Library for developers to extract data from Microsoft Excel (tm) .xls spreadsheet files"
optional = false
python-versions = "!=3.0.*,!=3.1.*,!=3.2.*,!=3.3.*,!=3.4.*,!=3.5.*,>=2.7"
files = [
    {file = "xlrd-2.0.2-py2.py3-none-any.whl", hash = "sha256:ea762c3d29f4cca48d82df517b6d89fbce4db3107f9d78713e48cd321d5c9aa9"},
    {file = "xlrd-2.0.2.tar.gz", hash = "sha256:08b5e25de58f21ce71dc7db3b3b8106c1fa776f3024c54e45b45b374e89234c9"},
]

[package.extras]
build = ["twine", "wheel"]
docs = ["sphinx"]
test = ["pytest", "pytest-cov"]

[[package]]
name = "xlsxwriter"
version = "3.2.9"
description = "A Python module for creating Excel XLSX files."
optional = false
python-versions = ">=3.8"
files = [
    {file = "xlsxwriter-3.2.9-py3-none-any.whl", hash = "sha256:9a5db42bc5dff014806c58a20b9eae7322a134abb6fce3c92c181bfb275ec5b3"},
    {file = "xlsxwriter-3.2.9.tar.gz", hash = "sha256:254b1c37a368c444eac6e2f867405cc9e461b0ed97a3233b2ac1e574efb4140c"},
]

[metadata]
lock-version = "2.0"
python-versions = "^3.13"
content-hash = "5b51969010e0523704dd76d0e0446e63b37e7222d3f99c8ad69c0ee9a56e0fc6"
